
Microsoft Visual Studio Solution File, Format Version 12.00
# Visual Studio Version 17
VisualStudioVersion = 17.6.33723.286
MinimumVisualStudioVersion = 10.0.40219.1
Project("{FAE04EC0-301F-11D3-BF4B-00C04F79EFBC}") = "BankSysADO", "BankSysADO\BankSysADO.csproj", "{57155B0E-7ED7-486E-B87E-E1A91D3A06E4}"
EndProject
Global
	GlobalSection(SolutionConfigurationPlatforms) = preSolution
		Debug|Any CPU = Debug|Any CPU
		Release|Any CPU = Release|Any CPU
	EndGlobalSection
	GlobalSection(ProjectConfigurationPlatforms) = postSolution
		{57155B0E-7ED7-486E-B87E-E1A91D3A06E4}.Debug|Any CPU.ActiveCfg = Debug|Any CPU
		{57155B0E-7ED7-486E-B87E-E1A91D3A06E4}.Debug|Any CPU.Build.0 = Debug|Any CPU
		{57155B0E-7ED7-486E-B87E-E1A91D3A06E4}.Release|Any CPU.ActiveCfg = Release|Any CPU
		{57155B0E-7ED7-486E-B87E-E1A91D3A06E4}.Release|Any CPU.Build.0 = Release|Any CPU
	EndGlobalSection
	GlobalSection(SolutionProperties) = preSolution
		HideSolutionNode = FALSE
	EndGlobalSection
	GlobalSection(ExtensibilityGlobals) = postSolution
		SolutionGuid = {2AC61DD7-4723-49BF-ADD6-EBA198DDF1E7}
	EndGlobalSection
EndGlobal
